
Microsoft Visual Studio Solution File, Format Version 12.00
# Visual Studio Version 16
VisualStudioVersion = 16.0.32428.217
MinimumVisualStudioVersion = 10.0.40219.1
Project("{FAE04EC0-301F-11D3-BF4B-00C04F79EFBC}") = "OptionChain", "OptionChain.csproj", "{64DF8ABB-6C88-4C98-B85C-00B14373D090}"
EndProject
Global
	GlobalSection(SolutionConfigurationPlatforms) = preSolution
		Debug|Any CPU = Debug|Any CPU
		Release|Any CPU = Release|Any CPU
	EndGlobalSection
	GlobalSection(ProjectConfigurationPlatforms) = postSolution
		{64DF8ABB-6C88-4C98-B85C-00B14373D090}.Debug|Any CPU.ActiveCfg = Debug|Any CPU
		{64DF8ABB-6C88-4C98-B85C-00B14373D090}.Debug|Any CPU.Build.0 = Debug|Any CPU
		{64DF8ABB-6C88-4C98-B85C-00B14373D090}.Release|Any CPU.ActiveCfg = Release|Any CPU
		{64DF8ABB-6C88-4C98-B85C-00B14373D090}.Release|Any CPU.Build.0 = Release|Any CPU
	EndGlobalSection
	GlobalSection(SolutionProperties) = preSolution
		HideSolutionNode = FALSE
	EndGlobalSection
	GlobalSection(ExtensibilityGlobals) = postSolution
		SolutionGuid = {51853A5A-56DC-4E2A-8FF1-C011AC3BB9C7}
	EndGlobalSection
EndGlobal
